
Microsoft Visual Studio Solution File, Format Version 12.00
# Visual Studio 15
VisualStudioVersion = 15.0.27004.2009
MinimumVisualStudioVersion = 10.0.40219.1
Project("{FAE04EC0-301F-11D3-BF4B-00C04F79EFBC}") = "First_Homework", "First_Homework\First_Homework.csproj", "{4A6F57FF-62A4-4E81-B762-354599907A7F}"
EndProject
Global
	GlobalSection(SolutionConfigurationPlatforms) = preSolution
		Debug|Any CPU = Debug|Any CPU
		Release|Any CPU = Release|Any CPU
	EndGlobalSection
	GlobalSection(ProjectConfigurationPlatforms) = postSolution
		{4A6F57FF-62A4-4E81-B762-354599907A7F}.Debug|Any CPU.ActiveCfg = Debug|Any CPU
		{4A6F57FF-62A4-4E81-B762-354599907A7F}.Debug|Any CPU.Build.0 = Debug|Any CPU
		{4A6F57FF-62A4-4E81-B762-354599907A7F}.Release|Any CPU.ActiveCfg = Release|Any CPU
		{4A6F57FF-62A4-4E81-B762-354599907A7F}.Release|Any CPU.Build.0 = Release|Any CPU
	EndGlobalSection
	GlobalSection(SolutionProperties) = preSolution
		HideSolutionNode = FALSE
	EndGlobalSection
	GlobalSection(ExtensibilityGlobals) = postSolution
		SolutionGuid = {24C57FB7-8EA0-4087-84E6-B144B34DD085}
	EndGlobalSection
EndGlobal
